
Microsoft Visual Studio Solution File, Format Version 12.00
# Visual Studio Express 2013 for Windows Desktop
VisualStudioVersion = 12.0.21005.1
MinimumVisualStudioVersion = 10.0.40219.1
Project("{8BC9CEB8-8B4A-11D0-8D11-00A0C91BC942}") = "DDSTestAVR", "DDSTestAVR\DDSTestAVR.vcxproj", "{DC6EF377-F1CA-41E5-9997-C9E1E056792E}"
EndProject
Project("{8BC9CEB8-8B4A-11D0-8D11-00A0C91BC942}") = "DDSTestAVR+LFO", "DDSTestAVR+LFO\DDSTestAVR+LFO.vcxproj", "{516DE762-E65D-47F4-9B90-EB5C3D31BE72}"
EndProject
Global
	GlobalSection(SolutionConfigurationPlatforms) = preSolution
		Debug|Win32 = Debug|Win32
		Release|Win32 = Release|Win32
	EndGlobalSection
	GlobalSection(ProjectConfigurationPlatforms) = postSolution
		{DC6EF377-F1CA-41E5-9997-C9E1E056792E}.Debug|Win32.ActiveCfg = Debug|Win32
		{DC6EF377-F1CA-41E5-9997-C9E1E056792E}.Debug|Win32.Build.0 = Debug|Win32
		{DC6EF377-F1CA-41E5-9997-C9E1E056792E}.Release|Win32.ActiveCfg = Release|Win32
		{DC6EF377-F1CA-41E5-9997-C9E1E056792E}.Release|Win32.Build.0 = Release|Win32
		{516DE762-E65D-47F4-9B90-EB5C3D31BE72}.Debug|Win32.ActiveCfg = Debug|Win32
		{516DE762-E65D-47F4-9B90-EB5C3D31BE72}.Debug|Win32.Build.0 = Debug|Win32
		{516DE762-E65D-47F4-9B90-EB5C3D31BE72}.Release|Win32.ActiveCfg = Release|Win32
		{516DE762-E65D-47F4-9B90-EB5C3D31BE72}.Release|Win32.Build.0 = Release|Win32
	EndGlobalSection
	GlobalSection(SolutionProperties) = preSolution
		HideSolutionNode = FALSE
	EndGlobalSection
EndGlobal
